Microsoft Visual Studio Solution File, Format Version 12.00
# Visual Studio Version 17
VisualStudioVersion = 17.8.0.0
MinimumVisualStudioVersion = 17.8.0.0
Project("{9A19103F-16F7-4668-BE54-9A1E7A4F7556}") = "commute-planner.AppHost", "Applications\commute-planner.AppHost\commute-planner.AppHost.csproj", "{D8FAAFDE-9C66-4F0B-9D92-9A34060A7998}"
EndProject
Project("{9A19103F-16F7-4668-BE54-9A1E7A4F7556}") = "commute-planner.ServiceDefaults", "Components\commute-planner.ServiceDefaults\commute-planner.ServiceDefaults.csproj", "{DAB6F3B2-9F03-4661-B106-072A44A83EEE}"
EndProject
Project("{9A19103F-16F7-4668-BE54-9A1E7A4F7556}") = "commute-planner.ApiService", "Applications\commute-planner.ApiService\commute-planner.ApiService.csproj", "{FE0682BD-DCCE-44F1-AB88-42D32099A172}"
EndProject
Project("{9A19103F-16F7-4668-BE54-9A1E7A4F7556}") = "commute-planner.Web", "Applications\commute-planner.Web\commute-planner.Web.csproj", "{8C940B16-C211-40FA-9124-1ABDC4EE028A}"
EndProject
Project("{2150E333-8FDC-42A3-9474-1A3956D46DE8}") = "Applications", "Applications", "{41523A73-476B-432D-9002-F37CD776B48C}"
EndProject
Project("{2150E333-8FDC-42A3-9474-1A3956D46DE8}") = "Components", "Components", "{968BA1D3-D9D7-44EA-A0CE-B57BF0501287}"
EndProject
Project("{FAE04EC0-301F-11D3-BF4B-00C04F79EFBC}") = "commute-planner.MapsApi", "Components\commute-planner.MapsApi\commute-planner.MapsApi.csproj", "{B52F9072-3F60-4257-9BF4-5ABFCA149A0D}"
EndProject
Project("{2150E333-8FDC-42A3-9474-1A3956D46DE8}") = "Databases", "Databases", "{121ADA73-3F72-4A6E-B493-9E3D27EDBE8A}"
EndProject
Project("{FAE04EC0-301F-11D3-BF4B-00C04F79EFBC}") = "commute-planner.CommuteDatabase", "Databases\commute-planner.CommuteDatabase\commute-planner.CommuteDatabase.csproj", "{801DF0F7-0C52-487D-BD63-9E2B9335C712}"
EndProject
Global
	GlobalSection(SolutionConfigurationPlatforms) = preSolution
		Debug|Any CPU = Debug|Any CPU
		Release|Any CPU = Release|Any CPU
	EndGlobalSection
	GlobalSection(ProjectConfigurationPlatforms) = postSolution
		{D8FAAFDE-9C66-4F0B-9D92-9A34060A7998}.Debug|Any CPU.ActiveCfg = Debug|Any CPU
		{D8FAAFDE-9C66-4F0B-9D92-9A34060A7998}.Debug|Any CPU.Build.0 = Debug|Any CPU
		{D8FAAFDE-9C66-4F0B-9D92-9A34060A7998}.Release|Any CPU.ActiveCfg = Release|Any CPU
		{D8FAAFDE-9C66-4F0B-9D92-9A34060A7998}.Release|Any CPU.Build.0 = Release|Any CPU
		{DAB6F3B2-9F03-4661-B106-072A44A83EEE}.Debug|Any CPU.ActiveCfg = Debug|Any CPU
		{DAB6F3B2-9F03-4661-B106-072A44A83EEE}.Debug|Any CPU.Build.0 = Debug|Any CPU
		{DAB6F3B2-9F03-4661-B106-072A44A83EEE}.Release|Any CPU.ActiveCfg = Release|Any CPU
		{DAB6F3B2-9F03-4661-B106-072A44A83EEE}.Release|Any CPU.Build.0 = Release|Any CPU
		{FE0682BD-DCCE-44F1-AB88-42D32099A172}.Debug|Any CPU.ActiveCfg = Debug|Any CPU
		{FE0682BD-DCCE-44F1-AB88-42D32099A172}.Debug|Any CPU.Build.0 = Debug|Any CPU
		{FE0682BD-DCCE-44F1-AB88-42D32099A172}.Release|Any CPU.ActiveCfg = Release|Any CPU
		{FE0682BD-DCCE-44F1-AB88-42D32099A172}.Release|Any CPU.Build.0 = Release|Any CPU
		{8C940B16-C211-40FA-9124-1ABDC4EE028A}.Debug|Any CPU.ActiveCfg = Debug|Any CPU
		{8C940B16-C211-40FA-9124-1ABDC4EE028A}.Debug|Any CPU.Build.0 = Debug|Any CPU
		{8C940B16-C211-40FA-9124-1ABDC4EE028A}.Release|Any CPU.ActiveCfg = Release|Any CPU
		{8C940B16-C211-40FA-9124-1ABDC4EE028A}.Release|Any CPU.Build.0 = Release|Any CPU
		{B52F9072-3F60-4257-9BF4-5ABFCA149A0D}.Debug|Any CPU.ActiveCfg = Debug|Any CPU
		{B52F9072-3F60-4257-9BF4-5ABFCA149A0D}.Debug|Any CPU.Build.0 = Debug|Any CPU
		{B52F9072-3F60-4257-9BF4-5ABFCA149A0D}.Release|Any CPU.ActiveCfg = Release|Any CPU
		{B52F9072-3F60-4257-9BF4-5ABFCA149A0D}.Release|Any CPU.Build.0 = Release|Any CPU
		{801DF0F7-0C52-487D-BD63-9E2B9335C712}.Debug|Any CPU.ActiveCfg = Debug|Any CPU
		{801DF0F7-0C52-487D-BD63-9E2B9335C712}.Debug|Any CPU.Build.0 = Debug|Any CPU
		{801DF0F7-0C52-487D-BD63-9E2B9335C712}.Release|Any CPU.ActiveCfg = Release|Any CPU
		{801DF0F7-0C52-487D-BD63-9E2B9335C712}.Release|Any CPU.Build.0 = Release|Any CPU
	EndGlobalSection
	GlobalSection(SolutionProperties) = preSolution
		HideSolutionNode = FALSE
	EndGlobalSection
	GlobalSection(ExtensibilityGlobals) = postSolution
		SolutionGuid = {5F16B6AB-A9D0-40A7-8C93-1A2F3A902E43}
	EndGlobalSection
	GlobalSection(NestedProjects) = preSolution
		{FE0682BD-DCCE-44F1-AB88-42D32099A172} = {41523A73-476B-432D-9002-F37CD776B48C}
		{D8FAAFDE-9C66-4F0B-9D92-9A34060A7998} = {41523A73-476B-432D-9002-F37CD776B48C}
		{8C940B16-C211-40FA-9124-1ABDC4EE028A} = {41523A73-476B-432D-9002-F37CD776B48C}
		{DAB6F3B2-9F03-4661-B106-072A44A83EEE} = {968BA1D3-D9D7-44EA-A0CE-B57BF0501287}
		{B52F9072-3F60-4257-9BF4-5ABFCA149A0D} = {968BA1D3-D9D7-44EA-A0CE-B57BF0501287}
		{801DF0F7-0C52-487D-BD63-9E2B9335C712} = {121ADA73-3F72-4A6E-B493-9E3D27EDBE8A}
	EndGlobalSection
EndGlobal
